
Microsoft Visual Studio Solution File, Format Version 12.00
# Visual Studio Version 17
VisualStudioVersion = 17.2.32630.192
MinimumVisualStudioVersion = 10.0.40219.1
Project("{FAE04EC0-301F-11D3-BF4B-00C04F79EFBC}") = "AssignmentArray", "AssignmentArray\AssignmentArray.csproj", "{FE4C3532-2173-442C-BC24-AFB1E8BD8FB1}"
EndProject
Global
	GlobalSection(SolutionConfigurationPlatforms) = preSolution
		Debug|Any CPU = Debug|Any CPU
		Release|Any CPU = Release|Any CPU
	EndGlobalSection
	GlobalSection(ProjectConfigurationPlatforms) = postSolution
		{FE4C3532-2173-442C-BC24-AFB1E8BD8FB1}.Debug|Any CPU.ActiveCfg = Debug|Any CPU
		{FE4C3532-2173-442C-BC24-AFB1E8BD8FB1}.Debug|Any CPU.Build.0 = Debug|Any CPU
		{FE4C3532-2173-442C-BC24-AFB1E8BD8FB1}.Release|Any CPU.ActiveCfg = Release|Any CPU
		{FE4C3532-2173-442C-BC24-AFB1E8BD8FB1}.Release|Any CPU.Build.0 = Release|Any CPU
	EndGlobalSection
	GlobalSection(SolutionProperties) = preSolution
		HideSolutionNode = FALSE
	EndGlobalSection
	GlobalSection(ExtensibilityGlobals) = postSolution
		SolutionGuid = {89E84E40-27C4-450B-AC19-079E8E7CDB20}
	EndGlobalSection
EndGlobal
